
Microsoft Visual Studio Solution File, Format Version 12.00
# Visual Studio Express 2013 for Windows Desktop
VisualStudioVersion = 12.0.40302.0
MinimumVisualStudioVersion = 10.0.40219.1
Project("{8BC9CEB8-8B4A-11D0-8D11-00A0C91BC942}") = "MCMapper2", "MCMapper2\MCMapper2.vcxproj", "{DECB388C-B7BE-4EAB-AC66-6A3A8B6CCFB9}"
EndProject
Global
	GlobalSection(SolutionConfigurationPlatforms) = preSolution
		Debug|Win32 = Debug|Win32
		Release|Win32 = Release|Win32
	EndGlobalSection
	GlobalSection(ProjectConfigurationPlatforms) = postSolution
		{DECB388C-B7BE-4EAB-AC66-6A3A8B6CCFB9}.Debug|Win32.ActiveCfg = Debug|Win32
		{DECB388C-B7BE-4EAB-AC66-6A3A8B6CCFB9}.Debug|Win32.Build.0 = Debug|Win32
		{DECB388C-B7BE-4EAB-AC66-6A3A8B6CCFB9}.Release|Win32.ActiveCfg = Release|Win32
		{DECB388C-B7BE-4EAB-AC66-6A3A8B6CCFB9}.Release|Win32.Build.0 = Release|Win32
	EndGlobalSection
	GlobalSection(SolutionProperties) = preSolution
		HideSolutionNode = FALSE
	EndGlobalSection
EndGlobal
